
Microsoft Visual Studio Solution File, Format Version 12.00
# Visual Studio 15
VisualStudioVersion = 15.0.28307.136
MinimumVisualStudioVersion = 10.0.40219.1
Project("{9A19103F-16F7-4668-BE54-9A1E7A4F7556}") = "ServiceNode1", "src\ServiceNode1\ServiceNode1.csproj", "{E28267B6-2FAA-486A-8DBF-F51CD8466AB5}"
EndProject
Project("{2150E333-8FDC-42A3-9474-1A3956D46DE8}") = "src", "src", "{084CE6CB-D0E3-4CC8-9B78-5DD5ED6A0660}"
EndProject
Project("{9A19103F-16F7-4668-BE54-9A1E7A4F7556}") = "Lighthouse", "src\Lighthouse\Lighthouse.csproj", "{967F9A03-E3D8-4391-B6A5-AD3CC4CD1496}"
EndProject
Project("{9A19103F-16F7-4668-BE54-9A1E7A4F7556}") = "Common", "src\Common\Common.csproj", "{15BE21C2-B0A9-4FE7-B5E9-DADA65DB23CB}"
EndProject
Project("{9A19103F-16F7-4668-BE54-9A1E7A4F7556}") = "Terminal", "src\Terminal\Terminal.csproj", "{E1A287EC-5916-4369-BC6D-D23B5127B0E3}"
EndProject
Project("{9A19103F-16F7-4668-BE54-9A1E7A4F7556}") = "ShardingNode", "src\ShardingNode\ShardingNode.csproj", "{C0706131-14A0-4635-A475-84C44E9C243B}"
EndProject
Project("{9A19103F-16F7-4668-BE54-9A1E7A4F7556}") = "akkademy-db", "src\akkademy-db\akkademy-db.csproj", "{F6A44CAF-4C44-436E-9925-BD7E9C468DBC}"
EndProject
Project("{2150E333-8FDC-42A3-9474-1A3956D46DE8}") = "test", "test", "{648EFFA2-4C2B-4448-BC81-3FA8960550BB}"
EndProject
Project("{9A19103F-16F7-4668-BE54-9A1E7A4F7556}") = "AkkademyDb.Test", "test\AkkademyDbTest\AkkademyDb.Test.csproj", "{40034B87-6AE5-4E83-AFDF-DB7AC38F0092}"
EndProject
Project("{FAE04EC0-301F-11D3-BF4B-00C04F79EFBC}") = "AkkademydbServer", "src\AkkademydbServer\AkkademydbServer.csproj", "{DB380C95-097D-4EA8-8220-AECFAA9E7B9F}"
EndProject
Project("{FAE04EC0-301F-11D3-BF4B-00C04F79EFBC}") = "AkkademydbClient", "src\AkkademydbClient\AkkademydbClient.csproj", "{D8F2CA21-1E72-4A14-BF84-06862DF90843}"
EndProject
Global
	GlobalSection(SolutionConfigurationPlatforms) = preSolution
		Debug|Any CPU = Debug|Any CPU
		Release|Any CPU = Release|Any CPU
	EndGlobalSection
	GlobalSection(ProjectConfigurationPlatforms) = postSolution
		{E28267B6-2FAA-486A-8DBF-F51CD8466AB5}.Debug|Any CPU.ActiveCfg = Debug|Any CPU
		{E28267B6-2FAA-486A-8DBF-F51CD8466AB5}.Debug|Any CPU.Build.0 = Debug|Any CPU
		{E28267B6-2FAA-486A-8DBF-F51CD8466AB5}.Release|Any CPU.ActiveCfg = Release|Any CPU
		{E28267B6-2FAA-486A-8DBF-F51CD8466AB5}.Release|Any CPU.Build.0 = Release|Any CPU
		{967F9A03-E3D8-4391-B6A5-AD3CC4CD1496}.Debug|Any CPU.ActiveCfg = Debug|Any CPU
		{967F9A03-E3D8-4391-B6A5-AD3CC4CD1496}.Debug|Any CPU.Build.0 = Debug|Any CPU
		{967F9A03-E3D8-4391-B6A5-AD3CC4CD1496}.Release|Any CPU.ActiveCfg = Release|Any CPU
		{967F9A03-E3D8-4391-B6A5-AD3CC4CD1496}.Release|Any CPU.Build.0 = Release|Any CPU
		{15BE21C2-B0A9-4FE7-B5E9-DADA65DB23CB}.Debug|Any CPU.ActiveCfg = Debug|Any CPU
		{15BE21C2-B0A9-4FE7-B5E9-DADA65DB23CB}.Debug|Any CPU.Build.0 = Debug|Any CPU
		{15BE21C2-B0A9-4FE7-B5E9-DADA65DB23CB}.Release|Any CPU.ActiveCfg = Release|Any CPU
		{15BE21C2-B0A9-4FE7-B5E9-DADA65DB23CB}.Release|Any CPU.Build.0 = Release|Any CPU
		{E1A287EC-5916-4369-BC6D-D23B5127B0E3}.Debug|Any CPU.ActiveCfg = Debug|Any CPU
		{E1A287EC-5916-4369-BC6D-D23B5127B0E3}.Debug|Any CPU.Build.0 = Debug|Any CPU
		{E1A287EC-5916-4369-BC6D-D23B5127B0E3}.Release|Any CPU.ActiveCfg = Release|Any CPU
		{E1A287EC-5916-4369-BC6D-D23B5127B0E3}.Release|Any CPU.Build.0 = Release|Any CPU
		{C0706131-14A0-4635-A475-84C44E9C243B}.Debug|Any CPU.ActiveCfg = Debug|Any CPU
		{C0706131-14A0-4635-A475-84C44E9C243B}.Debug|Any CPU.Build.0 = Debug|Any CPU
		{C0706131-14A0-4635-A475-84C44E9C243B}.Release|Any CPU.ActiveCfg = Release|Any CPU
		{C0706131-14A0-4635-A475-84C44E9C243B}.Release|Any CPU.Build.0 = Release|Any CPU
		{F6A44CAF-4C44-436E-9925-BD7E9C468DBC}.Debug|Any CPU.ActiveCfg = Debug|Any CPU
		{F6A44CAF-4C44-436E-9925-BD7E9C468DBC}.Debug|Any CPU.Build.0 = Debug|Any CPU
		{F6A44CAF-4C44-436E-9925-BD7E9C468DBC}.Release|Any CPU.ActiveCfg = Release|Any CPU
		{F6A44CAF-4C44-436E-9925-BD7E9C468DBC}.Release|Any CPU.Build.0 = Release|Any CPU
		{40034B87-6AE5-4E83-AFDF-DB7AC38F0092}.Debug|Any CPU.ActiveCfg = Debug|Any CPU
		{40034B87-6AE5-4E83-AFDF-DB7AC38F0092}.Debug|Any CPU.Build.0 = Debug|Any CPU
		{40034B87-6AE5-4E83-AFDF-DB7AC38F0092}.Release|Any CPU.ActiveCfg = Release|Any CPU
		{40034B87-6AE5-4E83-AFDF-DB7AC38F0092}.Release|Any CPU.Build.0 = Release|Any CPU
		{DB380C95-097D-4EA8-8220-AECFAA9E7B9F}.Debug|Any CPU.ActiveCfg = Debug|Any CPU
		{DB380C95-097D-4EA8-8220-AECFAA9E7B9F}.Debug|Any CPU.Build.0 = Debug|Any CPU
		{DB380C95-097D-4EA8-8220-AECFAA9E7B9F}.Release|Any CPU.ActiveCfg = Release|Any CPU
		{DB380C95-097D-4EA8-8220-AECFAA9E7B9F}.Release|Any CPU.Build.0 = Release|Any CPU
		{D8F2CA21-1E72-4A14-BF84-06862DF90843}.Debug|Any CPU.ActiveCfg = Debug|Any CPU
		{D8F2CA21-1E72-4A14-BF84-06862DF90843}.Debug|Any CPU.Build.0 = Debug|Any CPU
		{D8F2CA21-1E72-4A14-BF84-06862DF90843}.Release|Any CPU.ActiveCfg = Release|Any CPU
		{D8F2CA21-1E72-4A14-BF84-06862DF90843}.Release|Any CPU.Build.0 = Release|Any CPU
	EndGlobalSection
	GlobalSection(SolutionProperties) = preSolution
		HideSolutionNode = FALSE
	EndGlobalSection
	GlobalSection(NestedProjects) = preSolution
		{E28267B6-2FAA-486A-8DBF-F51CD8466AB5} = {084CE6CB-D0E3-4CC8-9B78-5DD5ED6A0660}
		{967F9A03-E3D8-4391-B6A5-AD3CC4CD1496} = {084CE6CB-D0E3-4CC8-9B78-5DD5ED6A0660}
		{15BE21C2-B0A9-4FE7-B5E9-DADA65DB23CB} = {084CE6CB-D0E3-4CC8-9B78-5DD5ED6A0660}
		{E1A287EC-5916-4369-BC6D-D23B5127B0E3} = {084CE6CB-D0E3-4CC8-9B78-5DD5ED6A0660}
		{C0706131-14A0-4635-A475-84C44E9C243B} = {084CE6CB-D0E3-4CC8-9B78-5DD5ED6A0660}
		{F6A44CAF-4C44-436E-9925-BD7E9C468DBC} = {084CE6CB-D0E3-4CC8-9B78-5DD5ED6A0660}
		{40034B87-6AE5-4E83-AFDF-DB7AC38F0092} = {648EFFA2-4C2B-4448-BC81-3FA8960550BB}
		{DB380C95-097D-4EA8-8220-AECFAA9E7B9F} = {084CE6CB-D0E3-4CC8-9B78-5DD5ED6A0660}
		{D8F2CA21-1E72-4A14-BF84-06862DF90843} = {084CE6CB-D0E3-4CC8-9B78-5DD5ED6A0660}
	EndGlobalSection
	GlobalSection(ExtensibilityGlobals) = postSolution
		SolutionGuid = {DFC48892-2300-4B10-A02F-ACBE5CA9C1BC}
	EndGlobalSection
EndGlobal
